{
  "object": {
    "pins": [
      {
        "package": "SDWebImage",
        "repositoryURL": "https://github.com/SDWebImage/SDWebImage.git",
        "state": {
          "branch": null,
          "revision": "8a1be70a625683bc04d6903e2935bf23f3c6d609",
          "version": "5.19.7"
        }
      },
      {
        "package": "SDWebImageSwiftUI",
        "repositoryURL": "https://github.com/SDWebImage/SDWebImageSwiftUI.git",
        "state": {
          "branch": null,
          "revision": "e837c37d45449fbd3b4745c10c5b5274e73edead",
          "version": "2.2.3"
        }
      },
      {
        "package": "URLImage",
        "repositoryURL": "https://github.com/dmytro-anokhin/url-image.git",
        "state": {
          "branch": null,
          "revision": "cedfdb207dcba2aec1229f3e2053bb93460a4244",
          "version": "2.1.9"
        }
      }
    ]
  },
  "version": 1
}
